// !$*UTF8*$!
{
	archiveVersion = 1;
	classes = {
	};
	objectVersion = 56;
	objects = {

/* Begin PBXBuildFile section */
		1F35A106290BDFCB00B01C8C /* AvatarSelectorView.swift in Sources */ = {isa = PBXBuildFile; fileRef = 1F35A105290BDFCB00B01C8C /* AvatarSelectorView.swift */; };
		B32EF07A290AB2A300D00B6B /* ContentView.swift in Sources */ = {isa = PBXBuildFile; fileRef = 1F93554D290A98A400092912 /* ContentView.swift */; };
		B32EF07B290AB2A300D00B6B /* AppData.swift in Sources */ = {isa = PBXBuildFile; fileRef = B35F659629085C06007C7161 /* AppData.swift */; };
		B32EF07C290AB2A300D00B6B /* WanderlustApp.swift in Sources */ = {isa = PBXBuildFile; fileRef = B37ECB0C28FE912A007DA273 /* WanderlustApp.swift */; };
		B32EF07D290AB2A300D00B6B /* Storage.swift in Sources */ = {isa = PBXBuildFile; fileRef = B35F659429085BD7007C7161 /* Storage.swift */; };
		B32EF07E290AB2A300D00B6B /* MainTabBarView.swift in Sources */ = {isa = PBXBuildFile; fileRef = 1F93553C290A977400092912 /* MainTabBarView.swift */; };
		B32EF07F290AB2A300D00B6B /* Country.swift in Sources */ = {isa = PBXBuildFile; fileRef = B3458D4429070B3900B97B35 /* Country.swift */; };
		B32EF080290AB2A300D00B6B /* Colors.swift in Sources */ = {isa = PBXBuildFile; fileRef = E9078258290947FE004B2BD4 /* Colors.swift */; };
		B32EF081290AB2A300D00B6B /* ProfileScreenView.swift in Sources */ = {isa = PBXBuildFile; fileRef = B370A11E2907D5F5007D19AE /* ProfileScreenView.swift */; };
		B32EF082290AB2A300D00B6B /* WorldScreenView.swift in Sources */ = {isa = PBXBuildFile; fileRef = B3458D3F2906FFD700B97B35 /* WorldScreenView.swift */; };
		B32EF083290AB2A300D00B6B /* WorldScreenViewModel.swift in Sources */ = {isa = PBXBuildFile; fileRef = B3458D412906FFE200B97B35 /* WorldScreenViewModel.swift */; };
		B32EF084290AB2A300D00B6B /* CoutryView.swift in Sources */ = {isa = PBXBuildFile; fileRef = B39C51462907E490009F245F /* CoutryView.swift */; };
		B32EF085290AB2A300D00B6B /* Reward.swift in Sources */ = {isa = PBXBuildFile; fileRef = B35F659829085D8C007C7161 /* Reward.swift */; };
		B32EF086290AB2A300D00B6B /* GameScreenView.swift in Sources */ = {isa = PBXBuildFile; fileRef = B35F659B29087B6D007C7161 /* GameScreenView.swift */; };
		B32EF087290AB2A700D00B6B /* BackgroundView.swift in Sources */ = {isa = PBXBuildFile; fileRef = 1F935546290A980300092912 /* BackgroundView.swift */; };
		B32EF088290AB2A700D00B6B /* LaunchScreenView.swift in Sources */ = {isa = PBXBuildFile; fileRef = 1F935547290A980300092912 /* LaunchScreenView.swift */; };
		B32EF089290AB2A700D00B6B /* VoiceButtonView.swift in Sources */ = {isa = PBXBuildFile; fileRef = 1F935548290A980300092912 /* VoiceButtonView.swift */; };
		B32EF08A290AB5C300D00B6B /* HalfASheet in Frameworks */ = {isa = PBXBuildFile; productRef = E933BDBE2906A075004228CB /* HalfASheet */; };
		B32EF08D290AB66B00D00B6B /* WinGameScreen.swift in Sources */ = {isa = PBXBuildFile; fileRef = B32EF08B290AB66B00D00B6B /* WinGameScreen.swift */; };
		B32EF08F290AB90600D00B6B /* GameResults.swift in Sources */ = {isa = PBXBuildFile; fileRef = B32EF08C290AB66B00D00B6B /* GameResults.swift */; };
		B32EF091290ABF5F00D00B6B /* Launch Screen.storyboard in Resources */ = {isa = PBXBuildFile; fileRef = B32EF090290ABF5F00D00B6B /* Launch Screen.storyboard */; };
		B37ECB1128FE912C007DA273 /* Assets.xcassets in Resources */ = {isa = PBXBuildFile; fileRef = B37ECB1028FE912C007DA273 /* Assets.xcassets */; };
		B37ECB1528FE912C007DA273 /* Preview Assets.xcassets in Resources */ = {isa = PBXBuildFile; fileRef = B37ECB1428FE912C007DA273 /* Preview Assets.xcassets */; };
/* End PBXBuildFile section */

/* Begin PBXFileReference section */
		1F35A105290BDFCB00B01C8C /* AvatarSelectorView.swift */ = {isa = PBXFileReference; lastKnownFileType = sourcecode.swift; path = AvatarSelectorView.swift; sourceTree = "<group>"; };
		1F93553C290A977400092912 /* MainTabBarView.swift */ = {isa = PBXFileReference; fileEncoding = 4; lastKnownFileType = sourcecode.swift; path = MainTabBarView.swift; sourceTree = "<group>"; };
		1F935546290A980300092912 /* BackgroundView.swift */ = {isa = PBXFileReference; fileEncoding = 4; lastKnownFileType = sourcecode.swift; path = BackgroundView.swift; sourceTree = "<group>"; };
		1F935547290A980300092912 /* LaunchScreenView.swift */ = {isa = PBXFileReference; fileEncoding = 4; lastKnownFileType = sourcecode.swift; path = LaunchScreenView.swift; sourceTree = "<group>"; };
		1F935548290A980300092912 /* VoiceButtonView.swift */ = {isa = PBXFileReference; fileEncoding = 4; lastKnownFileType = sourcecode.swift; path = VoiceButtonView.swift; sourceTree = "<group>"; };
		1F93554D290A98A400092912 /* ContentView.swift */ = {isa = PBXFileReference; lastKnownFileType = sourcecode.swift; path = ContentView.swift; sourceTree = "<group>"; };
		B32EF08B290AB66B00D00B6B /* WinGameScreen.swift */ = {isa = PBXFileReference; fileEncoding = 4; lastKnownFileType = sourcecode.swift; path = WinGameScreen.swift; sourceTree = "<group>"; };
		B32EF08C290AB66B00D00B6B /* GameResults.swift */ = {isa = PBXFileReference; fileEncoding = 4; lastKnownFileType = sourcecode.swift; path = GameResults.swift; sourceTree = "<group>"; };
		B32EF090290ABF5F00D00B6B /* Launch Screen.storyboard */ = {isa = PBXFileReference; lastKnownFileType = file.storyboard; path = "Launch Screen.storyboard"; sourceTree = "<group>"; };
		B3458D3F2906FFD700B97B35 /* WorldScreenView.swift */ = {isa = PBXFileReference; lastKnownFileType = sourcecode.swift; path = WorldScreenView.swift; sourceTree = "<group>"; };
		B3458D412906FFE200B97B35 /* WorldScreenViewModel.swift */ = {isa = PBXFileReference; lastKnownFileType = sourcecode.swift; path = WorldScreenViewModel.swift; sourceTree = "<group>"; };
		B3458D4429070B3900B97B35 /* Country.swift */ = {isa = PBXFileReference; lastKnownFileType = sourcecode.swift; path = Country.swift; sourceTree = "<group>"; };
		B35F659429085BD7007C7161 /* Storage.swift */ = {isa = PBXFileReference; lastKnownFileType = sourcecode.swift; path = Storage.swift; sourceTree = "<group>"; };
		B35F659629085C06007C7161 /* AppData.swift */ = {isa = PBXFileReference; lastKnownFileType = sourcecode.swift; path = AppData.swift; sourceTree = "<group>"; };
		B35F659829085D8C007C7161 /* Reward.swift */ = {isa = PBXFileReference; lastKnownFileType = sourcecode.swift; path = Reward.swift; sourceTree = "<group>"; };
		B35F659B29087B6D007C7161 /* GameScreenView.swift */ = {isa = PBXFileReference; lastKnownFileType = sourcecode.swift; path = GameScreenView.swift; sourceTree = "<group>"; };
		B370A11E2907D5F5007D19AE /* ProfileScreenView.swift */ = {isa = PBXFileReference; lastKnownFileType = sourcecode.swift; path = ProfileScreenView.swift; sourceTree = "<group>"; };
		B37ECB0928FE912A007DA273 /* Wanderlust.app */ = {isa = PBXFileReference; explicitFileType = wrapper.application; includeInIndex = 0; path = Wanderlust.app; sourceTree = BUILT_PRODUCTS_DIR; };
		B37ECB0C28FE912A007DA273 /* WanderlustApp.swift */ = {isa = PBXFileReference; lastKnownFileType = sourcecode.swift; path = WanderlustApp.swift; sourceTree = "<group>"; };
		B37ECB1028FE912C007DA273 /* Assets.xcassets */ = {isa = PBXFileReference; lastKnownFileType = folder.assetcatalog; path = Assets.xcassets; sourceTree = "<group>"; };
		B37ECB1228FE912C007DA273 /* Wanderlust.entitlements */ = {isa = PBXFileReference; lastKnownFileType = text.plist.entitlements; path = Wanderlust.entitlements; sourceTree = "<group>"; };
		B37ECB1428FE912C007DA273 /* Preview Assets.xcassets */ = {isa = PBXFileReference; lastKnownFileType = folder.assetcatalog; path = "Preview Assets.xcassets"; sourceTree = "<group>"; };
		B39C51462907E490009F245F /* CoutryView.swift */ = {isa = PBXFileReference; lastKnownFileType = sourcecode.swift; path = CoutryView.swift; sourceTree = "<group>"; };
		E9078258290947FE004B2BD4 /* Colors.swift */ = {isa = PBXFileReference; lastKnownFileType = sourcecode.swift; path = Colors.swift; sourceTree = "<group>"; };
/* End PBXFileReference section */

/* Begin PBXFrameworksBuildPhase section */
		B37ECB0628FE912A007DA273 /* Frameworks */ = {
			isa = PBXFrameworksBuildPhase;
			buildActionMask = 2147483647;
			files = (
				B32EF08A290AB5C300D00B6B /* HalfASheet in Frameworks */,
			);
			runOnlyForDeploymentPostprocessing = 0;
		};
/* End PBXFrameworksBuildPhase section */

/* Begin PBXGroup section */
		1F93554C290A980900092912 /* LaunchScreen */ = {
			isa = PBXGroup;
			children = (
				1F935546290A980300092912 /* BackgroundView.swift */,
				1F935547290A980300092912 /* LaunchScreenView.swift */,
				1F935548290A980300092912 /* VoiceButtonView.swift */,
			);
			path = LaunchScreen;
			sourceTree = "<group>";
		};
		B37ECB0028FE912A007DA273 = {
			isa = PBXGroup;
			children = (
				B37ECB0B28FE912A007DA273 /* Wanderlust */,
				B37ECB0A28FE912A007DA273 /* Products */,
			);
			sourceTree = "<group>";
		};
		B37ECB0A28FE912A007DA273 /* Products */ = {
			isa = PBXGroup;
			children = (
				B37ECB0928FE912A007DA273 /* Wanderlust.app */,
			);
			name = Products;
			sourceTree = "<group>";
		};
		B37ECB0B28FE912A007DA273 /* Wanderlust */ = {
			isa = PBXGroup;
			children = (
				B32EF08C290AB66B00D00B6B /* GameResults.swift */,
				B32EF08B290AB66B00D00B6B /* WinGameScreen.swift */,
				B37ECB0C28FE912A007DA273 /* WanderlustApp.swift */,
				1F93554D290A98A400092912 /* ContentView.swift */,
				B370A11E2907D5F5007D19AE /* ProfileScreenView.swift */,
				B35F659B29087B6D007C7161 /* GameScreenView.swift */,
				B3458D3F2906FFD700B97B35 /* WorldScreenView.swift */,
				B3458D412906FFE200B97B35 /* WorldScreenViewModel.swift */,
				B39C51462907E490009F245F /* CoutryView.swift */,
				B3458D4429070B3900B97B35 /* Country.swift */,
				B35F659829085D8C007C7161 /* Reward.swift */,
				B35F659629085C06007C7161 /* AppData.swift */,
				B35F659429085BD7007C7161 /* Storage.swift */,
				1F93553C290A977400092912 /* MainTabBarView.swift */,
				E9078258290947FE004B2BD4 /* Colors.swift */,
				1F35A105290BDFCB00B01C8C /* AvatarSelectorView.swift */,
				1F93554C290A980900092912 /* LaunchScreen */,
				B37ECB1028FE912C007DA273 /* Assets.xcassets */,
				B37ECB1228FE912C007DA273 /* Wanderlust.entitlements */,
				B37ECB1328FE912C007DA273 /* Preview Content */,
				B32EF090290ABF5F00D00B6B /* Launch Screen.storyboard */,
			);
			path = Wanderlust;
			sourceTree = "<group>";
		};
		B37ECB1328FE912C007DA273 /* Preview Content */ = {
			isa = PBXGroup;
			children = (
				B37ECB1428FE912C007DA273 /* Preview Assets.xcassets */,
			);
			path = "Preview Content";
			sourceTree = "<group>";
		};
/* End PBXGroup section */

/* Begin PBXNativeTarget section */
		B37ECB0828FE912A007DA273 /* Wanderlust */ = {
			isa = PBXNativeTarget;
			buildConfigurationList = B37ECB1828FE912C007DA273 /* Build configuration list for PBXNativeTarget "Wanderlust" */;
			buildPhases = (
				B37ECB0528FE912A007DA273 /* Sources */,
				B37ECB0628FE912A007DA273 /* Frameworks */,
				B37ECB0728FE912A007DA273 /* Resources */,
			);
			buildRules = (
			);
			dependencies = (
			);
			name = Wanderlust;
			packageProductDependencies = (
				E933BDBE2906A075004228CB /* HalfASheet */,
			);
			productName = Wanderlust;
			productReference = B37ECB0928FE912A007DA273 /* Wanderlust.app */;
			productType = "com.apple.product-type.application";
		};
/* End PBXNativeTarget section */

/* Begin PBXProject section */
		B37ECB0128FE912A007DA273 /* Project object */ = {
			isa = PBXProject;
			attributes = {
				BuildIndependentTargetsInParallel = 1;
				LastSwiftUpdateCheck = 1400;
				LastUpgradeCheck = 1400;
				TargetAttributes = {
					B37ECB0828FE912A007DA273 = {
						CreatedOnToolsVersion = 14.0;
					};
				};
			};
			buildConfigurationList = B37ECB0428FE912A007DA273 /* Build configuration list for PBXProject "Wanderlust" */;
			compatibilityVersion = "Xcode 14.0";
			developmentRegion = en;
			hasScannedForEncodings = 0;
			knownRegions = (
				en,
				Base,
			);
			mainGroup = B37ECB0028FE912A007DA273;
			packageReferences = (
				E933BDBD2906A075004228CB /* XCRemoteSwiftPackageReference "HalfASheet" */,
			);
			productRefGroup = B37ECB0A28FE912A007DA273 /* Products */;
			projectDirPath = "";
			projectRoot = "";
			targets = (
				B37ECB0828FE912A007DA273 /* Wanderlust */,
			);
		};
/* End PBXProject section */

/* Begin PBXResourcesBuildPhase section */
		B37ECB0728FE912A007DA273 /* Resources */ = {
			isa = PBXResourcesBuildPhase;
			buildActionMask = 2147483647;
			files = (
				B32EF091290ABF5F00D00B6B /* Launch Screen.storyboard in Resources */,
				B37ECB1528FE912C007DA273 /* Preview Assets.xcassets in Resources */,
				B37ECB1128FE912C007DA273 /* Assets.xcassets in Resources */,
			);
			runOnlyForDeploymentPostprocessing = 0;
		};
/* End PBXResourcesBuildPhase section */

/* Begin PBXSourcesBuildPhase section */
		B37ECB0528FE912A007DA273 /* Sources */ = {
			isa = PBXSourcesBuildPhase;
			buildActionMask = 2147483647;
			files = (
				B32EF08F290AB90600D00B6B /* GameResults.swift in Sources */,
				B32EF07E290AB2A300D00B6B /* MainTabBarView.swift in Sources */,
				B32EF07A290AB2A300D00B6B /* ContentView.swift in Sources */,
				B32EF07D290AB2A300D00B6B /* Storage.swift in Sources */,
				B32EF086290AB2A300D00B6B /* GameScreenView.swift in Sources */,
				B32EF080290AB2A300D00B6B /* Colors.swift in Sources */,
				B32EF088290AB2A700D00B6B /* LaunchScreenView.swift in Sources */,
				B32EF085290AB2A300D00B6B /* Reward.swift in Sources */,
				B32EF08D290AB66B00D00B6B /* WinGameScreen.swift in Sources */,
				B32EF07C290AB2A300D00B6B /* WanderlustApp.swift in Sources */,
				1F35A106290BDFCB00B01C8C /* AvatarSelectorView.swift in Sources */,
				B32EF07F290AB2A300D00B6B /* Country.swift in Sources */,
				B32EF081290AB2A300D00B6B /* ProfileScreenView.swift in Sources */,
				B32EF083290AB2A300D00B6B /* WorldScreenViewModel.swift in Sources */,
				B32EF087290AB2A700D00B6B /* BackgroundView.swift in Sources */,
				B32EF084290AB2A300D00B6B /* CoutryView.swift in Sources */,
				B32EF089290AB2A700D00B6B /* VoiceButtonView.swift in Sources */,
				B32EF082290AB2A300D00B6B /* WorldScreenView.swift in Sources */,
				B32EF07B290AB2A300D00B6B /* AppData.swift in Sources */,
			);
			runOnlyForDeploymentPostprocessing = 0;
		};
/* End PBXSourcesBuildPhase section */

/* Begin XCBuildConfiguration section */
		B37ECB1628FE912C007DA273 /* Debug */ = {
			isa = XCBuildConfiguration;
			buildSettings = {
				ALWAYS_SEARCH_USER_PATHS = NO;
				CLANG_ANALYZER_NONNULL = YES;
				CLANG_ANALYZER_NUMBER_OBJECT_CONVERSION = YES_AGGRESSIVE;
				CLANG_CXX_LANGUAGE_STANDARD = "gnu++20";
				CLANG_ENABLE_MODULES = YES;
				CLANG_ENABLE_OBJC_ARC = YES;
				CLANG_ENABLE_OBJC_WEAK = YES;
				CLANG_WARN_BLOCK_CAPTURE_AUTORELEASING = YES;
				CLANG_WARN_BOOL_CONVERSION = YES;
				CLANG_WARN_COMMA = YES;
				CLANG_WARN_CONSTANT_CONVERSION = YES;
				CLANG_WARN_DEPRECATED_OBJC_IMPLEMENTATIONS = YES;
				CLANG_WARN_DIRECT_OBJC_ISA_USAGE = YES_ERROR;
				CLANG_WARN_DOCUMENTATION_COMMENTS = YES;
				CLANG_WARN_EMPTY_BODY = YES;
				CLANG_WARN_ENUM_CONVERSION = YES;
				CLANG_WARN_INFINITE_RECURSION = YES;
				CLANG_WARN_INT_CONVERSION = YES;
				CLANG_WARN_NON_LITERAL_NULL_CONVERSION = YES;
				CLANG_WARN_OBJC_IMPLICIT_RETAIN_SELF = YES;
				CLANG_WARN_OBJC_LITERAL_CONVERSION = YES;
				CLANG_WARN_OBJC_ROOT_CLASS = YES_ERROR;
				CLANG_WARN_QUOTED_INCLUDE_IN_FRAMEWORK_HEADER = YES;
				CLANG_WARN_RANGE_LOOP_ANALYSIS = YES;
				CLANG_WARN_STRICT_PROTOTYPES = YES;
				CLANG_WARN_SUSPICIOUS_MOVE = YES;
				CLANG_WARN_UNGUARDED_AVAILABILITY = YES_AGGRESSIVE;
				CLANG_WARN_UNREACHABLE_CODE = YES;
				CLANG_WARN__DUPLICATE_METHOD_MATCH = YES;
				COPY_PHASE_STRIP = NO;
				DEBUG_INFORMATION_FORMAT = dwarf;
				ENABLE_STRICT_OBJC_MSGSEND = YES;
				ENABLE_TESTABILITY = YES;
				GCC_C_LANGUAGE_STANDARD = gnu11;
				GCC_DYNAMIC_NO_PIC = NO;
				GCC_NO_COMMON_BLOCKS = YES;
				GCC_OPTIMIZATION_LEVEL = 0;
				GCC_PREPROCESSOR_DEFINITIONS = (
					"DEBUG=1",
					"$(inherited)",
				);
				GCC_WARN_64_TO_32_BIT_CONVERSION = YES;
				GCC_WARN_ABOUT_RETURN_TYPE = YES_ERROR;
				GCC_WARN_UNDECLARED_SELECTOR = YES;
				GCC_WARN_UNINITIALIZED_AUTOS = YES_AGGRESSIVE;
				GCC_WARN_UNUSED_FUNCTION = YES;
				GCC_WARN_UNUSED_VARIABLE = YES;
				MTL_ENABLE_DEBUG_INFO = INCLUDE_SOURCE;
				MTL_FAST_MATH = YES;
				ONLY_ACTIVE_ARCH = YES;
				SWIFT_ACTIVE_COMPILATION_CONDITIONS = DEBUG;
				SWIFT_OPTIMIZATION_LEVEL = "-Onone";
			};
			name = Debug;
		};
		B37ECB1728FE912C007DA273 /* Release */ = {
			isa = XCBuildConfiguration;
			buildSettings = {
				ALWAYS_SEARCH_USER_PATHS = NO;
				CLANG_ANALYZER_NONNULL = YES;
				CLANG_ANALYZER_NUMBER_OBJECT_CONVERSION = YES_AGGRESSIVE;
				CLANG_CXX_LANGUAGE_STANDARD = "gnu++20";
				CLANG_ENABLE_MODULES = YES;
				CLANG_ENABLE_OBJC_ARC = YES;
				CLANG_ENABLE_OBJC_WEAK = YES;
				CLANG_WARN_BLOCK_CAPTURE_AUTORELEASING = YES;
				CLANG_WARN_BOOL_CONVERSION = YES;
				CLANG_WARN_COMMA = YES;
				CLANG_WARN_CONSTANT_CONVERSION = YES;
				CLANG_WARN_DEPRECATED_OBJC_IMPLEMENTATIONS = YES;
				CLANG_WARN_DIRECT_OBJC_ISA_USAGE = YES_ERROR;
				CLANG_WARN_DOCUMENTATION_COMMENTS = YES;
				CLANG_WARN_EMPTY_BODY = YES;
				CLANG_WARN_ENUM_CONVERSION = YES;
				CLANG_WARN_INFINITE_RECURSION = YES;
				CLANG_WARN_INT_CONVERSION = YES;
				CLANG_WARN_NON_LITERAL_NULL_CONVERSION = YES;
				CLANG_WARN_OBJC_IMPLICIT_RETAIN_SELF = YES;
				CLANG_WARN_OBJC_LITERAL_CONVERSION = YES;
				CLANG_WARN_OBJC_ROOT_CLASS = YES_ERROR;
				CLANG_WARN_QUOTED_INCLUDE_IN_FRAMEWORK_HEADER = YES;
				CLANG_WARN_RANGE_LOOP_ANALYSIS = YES;
				CLANG_WARN_STRICT_PROTOTYPES = YES;
				CLANG_WARN_SUSPICIOUS_MOVE = YES;
				CLANG_WARN_UNGUARDED_AVAILABILITY = YES_AGGRESSIVE;
				CLANG_WARN_UNREACHABLE_CODE = YES;
				CLANG_WARN__DUPLICATE_METHOD_MATCH = YES;
				COPY_PHASE_STRIP = NO;
				DEBUG_INFORMATION_FORMAT = "dwarf-with-dsym";
				ENABLE_NS_ASSERTIONS = NO;
				ENABLE_STRICT_OBJC_MSGSEND = YES;
				GCC_C_LANGUAGE_STANDARD = gnu11;
				GCC_NO_COMMON_BLOCKS = YES;
				GCC_WARN_64_TO_32_BIT_CONVERSION = YES;
				GCC_WARN_ABOUT_RETURN_TYPE = YES_ERROR;
				GCC_WARN_UNDECLARED_SELECTOR = YES;
				GCC_WARN_UNINITIALIZED_AUTOS = YES_AGGRESSIVE;
				GCC_WARN_UNUSED_FUNCTION = YES;
				GCC_WARN_UNUSED_VARIABLE = YES;
				MTL_ENABLE_DEBUG_INFO = NO;
				MTL_FAST_MATH = YES;
				SWIFT_COMPILATION_MODE = wholemodule;
				SWIFT_OPTIMIZATION_LEVEL = "-O";
			};
			name = Release;
		};
		B37ECB1928FE912C007DA273 /* Debug */ = {
			isa = XCBuildConfiguration;
			buildSettings = {
				ASSETCATALOG_COMPILER_APPICON_NAME = AppIcon;
				ASSETCATALOG_COMPILER_GLOBAL_ACCENT_COLOR_NAME = AccentColor;
				CODE_SIGN_ENTITLEMENTS = Wanderlust/Wanderlust.entitlements;
				CODE_SIGN_IDENTITY = "Apple Development";
				CODE_SIGN_STYLE = Automatic;
				CURRENT_PROJECT_VERSION = 1;
				DEVELOPMENT_ASSET_PATHS = "\"Wanderlust/Preview Content\"";
				DEVELOPMENT_TEAM = "";
				ENABLE_HARDENED_RUNTIME = YES;
				ENABLE_PREVIEWS = YES;
				GENERATE_INFOPLIST_FILE = YES;
				"INFOPLIST_KEY_UIApplicationSceneManifest_Generation[sdk=iphoneos*]" = YES;
				"INFOPLIST_KEY_UIApplicationSceneManifest_Generation[sdk=iphonesimulator*]" = YES;
				"INFOPLIST_KEY_UIApplicationSupportsIndirectInputEvents[sdk=iphoneos*]" = YES;
				"INFOPLIST_KEY_UIApplicationSupportsIndirectInputEvents[sdk=iphonesimulator*]" = YES;
				"INFOPLIST_KEY_UILaunchScreen_Generation[sdk=iphoneos*]" = YES;
				"INFOPLIST_KEY_UILaunchScreen_Generation[sdk=iphonesimulator*]" = YES;
				INFOPLIST_KEY_UILaunchStoryboardName = "Launch Screen.storyboard";
				"INFOPLIST_KEY_UIStatusBarStyle[sdk=iphoneos*]" = UIStatusBarStyleDefault;
				"INFOPLIST_KEY_UIStatusBarStyle[sdk=iphonesimulator*]" = UIStatusBarStyleDefault;
				INFOPLIST_KEY_UISupportedInterfaceOrientations = UIInterfaceOrientationPortrait;
				INFOPLIST_KEY_UISupportedInterfaceOrientations_iPad = "UIInterfaceOrientationLandscapeLeft UIInterfaceOrientationLandscapeRight UIInterfaceOrientationPortrait UIInterfaceOrientationPortraitUpsideDown";
				IPHONEOS_DEPLOYMENT_TARGET = 16.0;
				LD_RUNPATH_SEARCH_PATHS = "@executable_path/Frameworks";
				"LD_RUNPATH_SEARCH_PATHS[sdk=macosx*]" = "@executable_path/../Frameworks";
				MACOSX_DEPLOYMENT_TARGET = 12.3;
				MARKETING_VERSION = 1.0;
				PRODUCT_BUNDLE_IDENTIFIER = "com.fritta-jok.Wanderlust";
				PRODUCT_NAME = "$(TARGET_NAME)";
				PROVISIONING_PROFILE_SPECIFIER = "";
				SDKROOT = auto;
				SUPPORTED_PLATFORMS = "iphoneos iphonesimulator";
				SUPPORTS_MACCATALYST = NO;
				SUPPORTS_MAC_DESIGNED_FOR_IPHONE_IPAD = NO;
				SWIFT_EMIT_LOC_STRINGS = YES;
				SWIFT_VERSION = 5.0;
				TARGETED_DEVICE_FAMILY = 1;
			};
			name = Debug;
		};
		B37ECB1A28FE912C007DA273 /* Release */ = {
			isa = XCBuildConfiguration;
			buildSettings = {
				ASSETCATALOG_COMPILER_APPICON_NAME = AppIcon;
				ASSETCATALOG_COMPILER_GLOBAL_ACCENT_COLOR_NAME = AccentColor;
				CODE_SIGN_ENTITLEMENTS = Wanderlust/Wanderlust.entitlements;
				CODE_SIGN_IDENTITY = "Apple Development";
				CODE_SIGN_STYLE = Automatic;
				CURRENT_PROJECT_VERSION = 1;
				DEVELOPMENT_ASSET_PATHS = "\"Wanderlust/Preview Content\"";
				DEVELOPMENT_TEAM = "";
				ENABLE_HARDENED_RUNTIME = YES;
				ENABLE_PREVIEWS = YES;
				GENERATE_INFOPLIST_FILE = YES;
				"INFOPLIST_KEY_UIApplicationSceneManifest_Generation[sdk=iphoneos*]" = YES;
				"INFOPLIST_KEY_UIApplicationSceneManifest_Generation[sdk=iphonesimulator*]" = YES;
				"INFOPLIST_KEY_UIApplicationSupportsIndirectInputEvents[sdk=iphoneos*]" = YES;
				"INFOPLIST_KEY_UIApplicationSupportsIndirectInputEvents[sdk=iphonesimulator*]" = YES;
				"INFOPLIST_KEY_UILaunchScreen_Generation[sdk=iphoneos*]" = YES;
				"INFOPLIST_KEY_UILaunchScreen_Generation[sdk=iphonesimulator*]" = YES;
				INFOPLIST_KEY_UILaunchStoryboardName = "Launch Screen.storyboard";
				"INFOPLIST_KEY_UIStatusBarStyle[sdk=iphoneos*]" = UIStatusBarStyleDefault;
				"INFOPLIST_KEY_UIStatusBarStyle[sdk=iphonesimulator*]" = UIStatusBarStyleDefault;
				INFOPLIST_KEY_UISupportedInterfaceOrientations = UIInterfaceOrientationPortrait;
				INFOPLIST_KEY_UISupportedInterfaceOrientations_iPad = "UIInterfaceOrientationLandscapeLeft UIInterfaceOrientationLandscapeRight UIInterfaceOrientationPortrait UIInterfaceOrientationPortraitUpsideDown";
				IPHONEOS_DEPLOYMENT_TARGET = 16.0;
				LD_RUNPATH_SEARCH_PATHS = "@executable_path/Frameworks";
				"LD_RUNPATH_SEARCH_PATHS[sdk=macosx*]" = "@executable_path/../Frameworks";
				MACOSX_DEPLOYMENT_TARGET = 12.3;
				MARKETING_VERSION = 1.0;
				PRODUCT_BUNDLE_IDENTIFIER = "com.fritta-jok.Wanderlust";
				PRODUCT_NAME = "$(TARGET_NAME)";
				PROVISIONING_PROFILE_SPECIFIER = "";
				SDKROOT = auto;
				SUPPORTED_PLATFORMS = "iphoneos iphonesimulator";
				SUPPORTS_MACCATALYST = NO;
				SUPPORTS_MAC_DESIGNED_FOR_IPHONE_IPAD = NO;
				SWIFT_EMIT_LOC_STRINGS = YES;
				SWIFT_VERSION = 5.0;
				TARGETED_DEVICE_FAMILY = 1;
			};
			name = Release;
		};
/* End XCBuildConfiguration section */

/* Begin XCConfigurationList section */
		B37ECB0428FE912A007DA273 /* Build configuration list for PBXProject "Wanderlust" */ = {
			isa = XCConfigurationList;
			buildConfigurations = (
				B37ECB1628FE912C007DA273 /* Debug */,
				B37ECB1728FE912C007DA273 /* Release */,
			);
			defaultConfigurationIsVisible = 0;
			defaultConfigurationName = Release;
		};
		B37ECB1828FE912C007DA273 /* Build configuration list for PBXNativeTarget "Wanderlust" */ = {
			isa = XCConfigurationList;
			buildConfigurations = (
				B37ECB1928FE912C007DA273 /* Debug */,
				B37ECB1A28FE912C007DA273 /* Release */,
			);
			defaultConfigurationIsVisible = 0;
			defaultConfigurationName = Release;
		};
/* End XCConfigurationList section */

/* Begin XCRemoteSwiftPackageReference section */
		E933BDBD2906A075004228CB /* XCRemoteSwiftPackageReference "HalfASheet" */ = {
			isa = XCRemoteSwiftPackageReference;
			repositoryURL = "https://github.com/franklynw/HalfASheet";
			requirement = {
				branch = develop;
				kind = branch;
			};
		};
/* End XCRemoteSwiftPackageReference section */

/* Begin XCSwiftPackageProductDependency section */
		E933BDBE2906A075004228CB /* HalfASheet */ = {
			isa = XCSwiftPackageProductDependency;
			package = E933BDBD2906A075004228CB /* XCRemoteSwiftPackageReference "HalfASheet" */;
			productName = HalfASheet;
		};
/* End XCSwiftPackageProductDependency section */
	};
	rootObject = B37ECB0128FE912A007DA273 /* Project object */;
}
